
Microsoft Visual Studio Solution File, Format Version 12.00
# Visual Studio Version 17
VisualStudioVersion = 17.4.33122.133
MinimumVisualStudioVersion = 10.0.40219.1
Project("{FAE04EC0-301F-11D3-BF4B-00C04F79EFBC}") = "UI_Mimic", "UI_Mimic.csproj", "{D8A4825B-E3A5-4CAB-95FD-FAF449D0DE0C}"
EndProject
Global
	GlobalSection(SolutionConfigurationPlatforms) = preSolution
		Debug|Any CPU = Debug|Any CPU
		Release|Any CPU = Release|Any CPU
	EndGlobalSection
	GlobalSection(ProjectConfigurationPlatforms) = postSolution
		{D8A4825B-E3A5-4CAB-95FD-FAF449D0DE0C}.Debug|Any CPU.ActiveCfg = Debug|Any CPU
		{D8A4825B-E3A5-4CAB-95FD-FAF449D0DE0C}.Debug|Any CPU.Build.0 = Debug|Any CPU
		{D8A4825B-E3A5-4CAB-95FD-FAF449D0DE0C}.Release|Any CPU.ActiveCfg = Release|Any CPU
		{D8A4825B-E3A5-4CAB-95FD-FAF449D0DE0C}.Release|Any CPU.Build.0 = Release|Any CPU
	EndGlobalSection
	GlobalSection(SolutionProperties) = preSolution
		HideSolutionNode = FALSE
	EndGlobalSection
	GlobalSection(ExtensibilityGlobals) = postSolution
		SolutionGuid = {7ED3C7D0-66E6-4520-91B2-6251A4391E22}
	EndGlobalSection
EndGlobal
